// !$*UTF8*$!
{
	archiveVersion = 1;
	classes = {
	};
	objectVersion = 56;
	objects = {

/* Begin PBXBuildFile section */
		969828C92C007B480013991F /* AddNameList.swift in Sources */ = {isa = PBXBuildFile; fileRef = 969828C82C007B480013991F /* AddNameList.swift */; };
		96ACB0C42BF9DEDB006D6537 /* viewModel.swift in Sources */ = {isa = PBXBuildFile; fileRef = 96ACB0C32BF9DEDB006D6537 /* viewModel.swift */; };
		96B8569F2BF6EB9B0065FF9F /* DataRenkeiApp.swift in Sources */ = {isa = PBXBuildFile; fileRef = 96B8569E2BF6EB9B0065FF9F /* DataRenkeiApp.swift */; };
		96B856A12BF6EB9B0065FF9F /* ContentView.swift in Sources */ = {isa = PBXBuildFile; fileRef = 96B856A02BF6EB9B0065FF9F /* ContentView.swift */; };
		96B856A32BF6EB9F0065FF9F /* Assets.xcassets in Resources */ = {isa = PBXBuildFile; fileRef = 96B856A22BF6EB9F0065FF9F /* Assets.xcassets */; };
		96B856A62BF6EB9F0065FF9F /* Preview Assets.xcassets in Resources */ = {isa = PBXBuildFile; fileRef = 96B856A52BF6EB9F0065FF9F /* Preview Assets.xcassets */; };
/* End PBXBuildFile section */

/* Begin PBXFileReference section */
		969828C82C007B480013991F /* AddNameList.swift */ = {isa = PBXFileReference; lastKnownFileType = sourcecode.swift; path = AddNameList.swift; sourceTree = "<group>"; };
		96ACB0C32BF9DEDB006D6537 /* viewModel.swift */ = {isa = PBXFileReference; lastKnownFileType = sourcecode.swift; path = viewModel.swift; sourceTree = "<group>"; };
		96B8569B2BF6EB9B0065FF9F /* DataRenkei.app */ = {isa = PBXFileReference; explicitFileType = wrapper.application; includeInIndex = 0; path = DataRenkei.app; sourceTree = BUILT_PRODUCTS_DIR; };
		96B8569E2BF6EB9B0065FF9F /* DataRenkeiApp.swift */ = {isa = PBXFileReference; lastKnownFileType = sourcecode.swift; path = DataRenkeiApp.swift; sourceTree = "<group>"; };
		96B856A02BF6EB9B0065FF9F /* ContentView.swift */ = {isa = PBXFileReference; lastKnownFileType = sourcecode.swift; path = ContentView.swift; sourceTree = "<group>"; };
		96B856A22BF6EB9F0065FF9F /* Assets.xcassets */ = {isa = PBXFileReference; lastKnownFileType = folder.assetcatalog; path = Assets.xcassets; sourceTree = "<group>"; };
		96B856A52BF6EB9F0065FF9F /* Preview Assets.xcassets */ = {isa = PBXFileReference; lastKnownFileType = folder.assetcatalog; path = "Preview Assets.xcassets"; sourceTree = "<group>"; };
/* End PBXFileReference section */

/* Begin PBXFrameworksBuildPhase section */
		96B856982BF6EB9B0065FF9F /* Frameworks */ = {
			isa = PBXFrameworksBuildPhase;
			buildActionMask = 2147483647;
			files = (
			);
			runOnlyForDeploymentPostprocessing = 0;
		};
/* End PBXFrameworksBuildPhase section */

/* Begin PBXGroup section */
		969828C62C007AFE0013991F /* Models */ = {
			isa = PBXGroup;
			children = (
				96ACB0C32BF9DEDB006D6537 /* viewModel.swift */,
			);
			path = Models;
			sourceTree = "<group>";
		};
		969828C72C007B360013991F /* Func */ = {
			isa = PBXGroup;
			children = (
				969828C82C007B480013991F /* AddNameList.swift */,
			);
			path = Func;
			sourceTree = "<group>";
		};
		96B856922BF6EB9B0065FF9F = {
			isa = PBXGroup;
			children = (
				96B8569D2BF6EB9B0065FF9F /* DataRenkei */,
				96B8569C2BF6EB9B0065FF9F /* Products */,
			);
			sourceTree = "<group>";
		};
		96B8569C2BF6EB9B0065FF9F /* Products */ = {
			isa = PBXGroup;
			children = (
				96B8569B2BF6EB9B0065FF9F /* DataRenkei.app */,
			);
			name = Products;
			sourceTree = "<group>";
		};
		96B8569D2BF6EB9B0065FF9F /* DataRenkei */ = {
			isa = PBXGroup;
			children = (
				96B856A02BF6EB9B0065FF9F /* ContentView.swift */,
				969828C72C007B360013991F /* Func */,
				969828C62C007AFE0013991F /* Models */,
				96B8569E2BF6EB9B0065FF9F /* DataRenkeiApp.swift */,
				96B856A22BF6EB9F0065FF9F /* Assets.xcassets */,
				96B856A42BF6EB9F0065FF9F /* Preview Content */,
			);
			path = DataRenkei;
			sourceTree = "<group>";
		};
		96B856A42BF6EB9F0065FF9F /* Preview Content */ = {
			isa = PBXGroup;
			children = (
				96B856A52BF6EB9F0065FF9F /* Preview Assets.xcassets */,
			);
			path = "Preview Content";
			sourceTree = "<group>";
		};
/* End PBXGroup section */

/* Begin PBXNativeTarget section */
		96B8569A2BF6EB9B0065FF9F /* DataRenkei */ = {
			isa = PBXNativeTarget;
			buildConfigurationList = 96B856A92BF6EB9F0065FF9F /* Build configuration list for PBXNativeTarget "DataRenkei" */;
			buildPhases = (
				96B856972BF6EB9B0065FF9F /* Sources */,
				96B856982BF6EB9B0065FF9F /* Frameworks */,
				96B856992BF6EB9B0065FF9F /* Resources */,
			);
			buildRules = (
			);
			dependencies = (
			);
			name = DataRenkei;
			productName = DataRenkei;
			productReference = 96B8569B2BF6EB9B0065FF9F /* DataRenkei.app */;
			productType = "com.apple.product-type.application";
		};
/* End PBXNativeTarget section */

/* Begin PBXProject section */
		96B856932BF6EB9B0065FF9F /* Project object */ = {
			isa = PBXProject;
			attributes = {
				BuildIndependentTargetsInParallel = 1;
				LastSwiftUpdateCheck = 1540;
				LastUpgradeCheck = 1540;
				TargetAttributes = {
					96B8569A2BF6EB9B0065FF9F = {
						CreatedOnToolsVersion = 15.4;
					};
				};
			};
			buildConfigurationList = 96B856962BF6EB9B0065FF9F /* Build configuration list for PBXProject "DataRenkei" */;
			compatibilityVersion = "Xcode 14.0";
			developmentRegion = en;
			hasScannedForEncodings = 0;
			knownRegions = (
				en,
				Base,
			);
			mainGroup = 96B856922BF6EB9B0065FF9F;
			productRefGroup = 96B8569C2BF6EB9B0065FF9F /* Products */;
			projectDirPath = "";
			projectRoot = "";
			targets = (
				96B8569A2BF6EB9B0065FF9F /* DataRenkei */,
			);
		};
/* End PBXProject section */

/* Begin PBXResourcesBuildPhase section */
		96B856992BF6EB9B0065FF9F /* Resources */ = {
			isa = PBXResourcesBuildPhase;
			buildActionMask = 2147483647;
			files = (
				96B856A62BF6EB9F0065FF9F /* Preview Assets.xcassets in Resources */,
				96B856A32BF6EB9F0065FF9F /* Assets.xcassets in Resources */,
			);
			runOnlyForDeploymentPostprocessing = 0;
		};
/* End PBXResourcesBuildPhase section */

/* Begin PBXSourcesBuildPhase section */
		96B856972BF6EB9B0065FF9F /* Sources */ = {
			isa = PBXSourcesBuildPhase;
			buildActionMask = 2147483647;
			files = (
				96B856A12BF6EB9B0065FF9F /* ContentView.swift in Sources */,
				96ACB0C42BF9DEDB006D6537 /* viewModel.swift in Sources */,
				969828C92C007B480013991F /* AddNameList.swift in Sources */,
				96B8569F2BF6EB9B0065FF9F /* DataRenkeiApp.swift in Sources */,
			);
			runOnlyForDeploymentPostprocessing = 0;
		};
/* End PBXSourcesBuildPhase section */

/* Begin XCBuildConfiguration section */
		96B856A72BF6EB9F0065FF9F /* Debug */ = {
			isa = XCBuildConfiguration;
			buildSettings = {
				ALWAYS_SEARCH_USER_PATHS = NO;
				ASSETCATALOG_COMPILER_GENERATE_SWIFT_ASSET_SYMBOL_EXTENSIONS = YES;
				CLANG_ANALYZER_NONNULL = YES;
				CLANG_ANALYZER_NUMBER_OBJECT_CONVERSION = YES_AGGRESSIVE;
				CLANG_CXX_LANGUAGE_STANDARD = "gnu++20";
				CLANG_ENABLE_MODULES = YES;
				CLANG_ENABLE_OBJC_ARC = YES;
				CLANG_ENABLE_OBJC_WEAK = YES;
				CLANG_WARN_BLOCK_CAPTURE_AUTORELEASING = YES;
				CLANG_WARN_BOOL_CONVERSION = YES;
				CLANG_WARN_COMMA = YES;
				CLANG_WARN_CONSTANT_CONVERSION = YES;
				CLANG_WARN_DEPRECATED_OBJC_IMPLEMENTATIONS = YES;
				CLANG_WARN_DIRECT_OBJC_ISA_USAGE = YES_ERROR;
				CLANG_WARN_DOCUMENTATION_COMMENTS = YES;
				CLANG_WARN_EMPTY_BODY = YES;
				CLANG_WARN_ENUM_CONVERSION = YES;
				CLANG_WARN_INFINITE_RECURSION = YES;
				CLANG_WARN_INT_CONVERSION = YES;
				CLANG_WARN_NON_LITERAL_NULL_CONVERSION = YES;
				CLANG_WARN_OBJC_IMPLICIT_RETAIN_SELF = YES;
				CLANG_WARN_OBJC_LITERAL_CONVERSION = YES;
				CLANG_WARN_OBJC_ROOT_CLASS = YES_ERROR;
				CLANG_WARN_QUOTED_INCLUDE_IN_FRAMEWORK_HEADER = YES;
				CLANG_WARN_RANGE_LOOP_ANALYSIS = YES;
				CLANG_WARN_STRICT_PROTOTYPES = YES;
				CLANG_WARN_SUSPICIOUS_MOVE = YES;
				CLANG_WARN_UNGUARDED_AVAILABILITY = YES_AGGRESSIVE;
				CLANG_WARN_UNREACHABLE_CODE = YES;
				CLANG_WARN__DUPLICATE_METHOD_MATCH = YES;
				COPY_PHASE_STRIP = NO;
				DEBUG_INFORMATION_FORMAT = dwarf;
				ENABLE_STRICT_OBJC_MSGSEND = YES;
				ENABLE_TESTABILITY = YES;
				ENABLE_USER_SCRIPT_SANDBOXING = YES;
				GCC_C_LANGUAGE_STANDARD = gnu17;
				GCC_DYNAMIC_NO_PIC = NO;
				GCC_NO_COMMON_BLOCKS = YES;
				GCC_OPTIMIZATION_LEVEL = 0;
				GCC_PREPROCESSOR_DEFINITIONS = (
					"DEBUG=1",
					"$(inherited)",
				);
				GCC_WARN_64_TO_32_BIT_CONVERSION = YES;
				GCC_WARN_ABOUT_RETURN_TYPE = YES_ERROR;
				GCC_WARN_UNDECLARED_SELECTOR = YES;
				GCC_WARN_UNINITIALIZED_AUTOS = YES_AGGRESSIVE;
				GCC_WARN_UNUSED_FUNCTION = YES;
				GCC_WARN_UNUSED_VARIABLE = YES;
				IPHONEOS_DEPLOYMENT_TARGET = 17.5;
				LOCALIZATION_PREFERS_STRING_CATALOGS = YES;
				MTL_ENABLE_DEBUG_INFO = INCLUDE_SOURCE;
				MTL_FAST_MATH = YES;
				ONLY_ACTIVE_ARCH = YES;
				SDKROOT = iphoneos;
				SWIFT_ACTIVE_COMPILATION_CONDITIONS = "DEBUG $(inherited)";
				SWIFT_OPTIMIZATION_LEVEL = "-Onone";
			};
			name = Debug;
		};
		96B856A82BF6EB9F0065FF9F /* Release */ = {
			isa = XCBuildConfiguration;
			buildSettings = {
				ALWAYS_SEARCH_USER_PATHS = NO;
				ASSETCATALOG_COMPILER_GENERATE_SWIFT_ASSET_SYMBOL_EXTENSIONS = YES;
				CLANG_ANALYZER_NONNULL = YES;
				CLANG_ANALYZER_NUMBER_OBJECT_CONVERSION = YES_AGGRESSIVE;
				CLANG_CXX_LANGUAGE_STANDARD = "gnu++20";
				CLANG_ENABLE_MODULES = YES;
				CLANG_ENABLE_OBJC_ARC = YES;
				CLANG_ENABLE_OBJC_WEAK = YES;
				CLANG_WARN_BLOCK_CAPTURE_AUTORELEASING = YES;
				CLANG_WARN_BOOL_CONVERSION = YES;
				CLANG_WARN_COMMA = YES;
				CLANG_WARN_CONSTANT_CONVERSION = YES;
				CLANG_WARN_DEPRECATED_OBJC_IMPLEMENTATIONS = YES;
				CLANG_WARN_DIRECT_OBJC_ISA_USAGE = YES_ERROR;
				CLANG_WARN_DOCUMENTATION_COMMENTS = YES;
				CLANG_WARN_EMPTY_BODY = YES;
				CLANG_WARN_ENUM_CONVERSION = YES;
				CLANG_WARN_INFINITE_RECURSION = YES;
				CLANG_WARN_INT_CONVERSION = YES;
				CLANG_WARN_NON_LITERAL_NULL_CONVERSION = YES;
				CLANG_WARN_OBJC_IMPLICIT_RETAIN_SELF = YES;
				CLANG_WARN_OBJC_LITERAL_CONVERSION = YES;
				CLANG_WARN_OBJC_ROOT_CLASS = YES_ERROR;
				CLANG_WARN_QUOTED_INCLUDE_IN_FRAMEWORK_HEADER = YES;
				CLANG_WARN_RANGE_LOOP_ANALYSIS = YES;
				CLANG_WARN_STRICT_PROTOTYPES = YES;
				CLANG_WARN_SUSPICIOUS_MOVE = YES;
				CLANG_WARN_UNGUARDED_AVAILABILITY = YES_AGGRESSIVE;
				CLANG_WARN_UNREACHABLE_CODE = YES;
				CLANG_WARN__DUPLICATE_METHOD_MATCH = YES;
				COPY_PHASE_STRIP = NO;
				DEBUG_INFORMATION_FORMAT = "dwarf-with-dsym";
				ENABLE_NS_ASSERTIONS = NO;
				ENABLE_STRICT_OBJC_MSGSEND = YES;
				ENABLE_USER_SCRIPT_SANDBOXING = YES;
				GCC_C_LANGUAGE_STANDARD = gnu17;
				GCC_NO_COMMON_BLOCKS = YES;
				GCC_WARN_64_TO_32_BIT_CONVERSION = YES;
				GCC_WARN_ABOUT_RETURN_TYPE = YES_ERROR;
				GCC_WARN_UNDECLARED_SELECTOR = YES;
				GCC_WARN_UNINITIALIZED_AUTOS = YES_AGGRESSIVE;
				GCC_WARN_UNUSED_FUNCTION = YES;
				GCC_WARN_UNUSED_VARIABLE = YES;
				IPHONEOS_DEPLOYMENT_TARGET = 17.5;
				LOCALIZATION_PREFERS_STRING_CATALOGS = YES;
				MTL_ENABLE_DEBUG_INFO = NO;
				MTL_FAST_MATH = YES;
				SDKROOT = iphoneos;
				SWIFT_COMPILATION_MODE = wholemodule;
				VALIDATE_PRODUCT = YES;
			};
			name = Release;
		};
		96B856AA2BF6EB9F0065FF9F /* Debug */ = {
			isa = XCBuildConfiguration;
			buildSettings = {
				ASSETCATALOG_COMPILER_APPICON_NAME = AppIcon;
				ASSETCATALOG_COMPILER_GLOBAL_ACCENT_COLOR_NAME = AccentColor;
				CODE_SIGN_STYLE = Automatic;
				CURRENT_PROJECT_VERSION = 1;
				DEVELOPMENT_ASSET_PATHS = "\"DataRenkei/Preview Content\"";
				DEVELOPMENT_TEAM = 24JKPA5A64;
				ENABLE_PREVIEWS = YES;
				GENERATE_INFOPLIST_FILE = YES;
				INFOPLIST_KEY_UIApplicationSceneManifest_Generation = YES;
				INFOPLIST_KEY_UIApplicationSupportsIndirectInputEvents = YES;
				INFOPLIST_KEY_UILaunchScreen_Generation = YES;
				INFOPLIST_KEY_UISupportedInterfaceOrientations_iPad = "UIInterfaceOrientationPortrait UIInterfaceOrientationPortraitUpsideDown UIInterfaceOrientationLandscapeLeft UIInterfaceOrientationLandscapeRight";
				INFOPLIST_KEY_UISupportedInterfaceOrientations_iPhone = "UIInterfaceOrientationPortrait UIInterfaceOrientationLandscapeLeft UIInterfaceOrientationLandscapeRight";
				LD_RUNPATH_SEARCH_PATHS = (
					"$(inherited)",
					"@executable_path/Frameworks",
				);
				MARKETING_VERSION = 1.0;
				PRODUCT_BUNDLE_IDENTIFIER = "kentaro-nagata.DataRenkei";
				PRODUCT_NAME = "$(TARGET_NAME)";
				SWIFT_EMIT_LOC_STRINGS = YES;
				SWIFT_VERSION = 5.0;
				TARGETED_DEVICE_FAMILY = "1,2";
			};
			name = Debug;
		};
		96B856AB2BF6EB9F0065FF9F /* Release */ = {
			isa = XCBuildConfiguration;
			buildSettings = {
				ASSETCATALOG_COMPILER_APPICON_NAME = AppIcon;
				ASSETCATALOG_COMPILER_GLOBAL_ACCENT_COLOR_NAME = AccentColor;
				CODE_SIGN_STYLE = Automatic;
				CURRENT_PROJECT_VERSION = 1;
				DEVELOPMENT_ASSET_PATHS = "\"DataRenkei/Preview Content\"";
				DEVELOPMENT_TEAM = 24JKPA5A64;
				ENABLE_PREVIEWS = YES;
				GENERATE_INFOPLIST_FILE = YES;
				INFOPLIST_KEY_UIApplicationSceneManifest_Generation = YES;
				INFOPLIST_KEY_UIApplicationSupportsIndirectInputEvents = YES;
				INFOPLIST_KEY_UILaunchScreen_Generation = YES;
				INFOPLIST_KEY_UISupportedInterfaceOrientations_iPad = "UIInterfaceOrientationPortrait UIInterfaceOrientationPortraitUpsideDown UIInterfaceOrientationLandscapeLeft UIInterfaceOrientationLandscapeRight";
				INFOPLIST_KEY_UISupportedInterfaceOrientations_iPhone = "UIInterfaceOrientationPortrait UIInterfaceOrientationLandscapeLeft UIInterfaceOrientationLandscapeRight";
				LD_RUNPATH_SEARCH_PATHS = (
					"$(inherited)",
					"@executable_path/Frameworks",
				);
				MARKETING_VERSION = 1.0;
				PRODUCT_BUNDLE_IDENTIFIER = "kentaro-nagata.DataRenkei";
				PRODUCT_NAME = "$(TARGET_NAME)";
				SWIFT_EMIT_LOC_STRINGS = YES;
				SWIFT_VERSION = 5.0;
				TARGETED_DEVICE_FAMILY = "1,2";
			};
			name = Release;
		};
/* End XCBuildConfiguration section */

/* Begin XCConfigurationList section */
		96B856962BF6EB9B0065FF9F /* Build configuration list for PBXProject "DataRenkei" */ = {
			isa = XCConfigurationList;
			buildConfigurations = (
				96B856A72BF6EB9F0065FF9F /* Debug */,
				96B856A82BF6EB9F0065FF9F /* Release */,
			);
			defaultConfigurationIsVisible = 0;
			defaultConfigurationName = Release;
		};
		96B856A92BF6EB9F0065FF9F /* Build configuration list for PBXNativeTarget "DataRenkei" */ = {
			isa = XCConfigurationList;
			buildConfigurations = (
				96B856AA2BF6EB9F0065FF9F /* Debug */,
				96B856AB2BF6EB9F0065FF9F /* Release */,
			);
			defaultConfigurationIsVisible = 0;
			defaultConfigurationName = Release;
		};
/* End XCConfigurationList section */
	};
	rootObject = 96B856932BF6EB9B0065FF9F /* Project object */;
}
