// !$*UTF8*$!
{
	archiveVersion = 1;
	classes = {
	};
	objectVersion = 56;
	objects = {

/* Begin PBXBuildFile section */
		960EC7422BC6FE3C002F4BEC /* AddmemberAlertView.swift in Sources */ = {isa = PBXBuildFile; fileRef = 960EC7412BC6FE3C002F4BEC /* AddmemberAlertView.swift */; };
		9620CE0C2BE8823C008F5763 /* tripMember.swift in Sources */ = {isa = PBXBuildFile; fileRef = 9620CE0B2BE8823C008F5763 /* tripMember.swift */; };
		964684802C08546500433CF9 /* Practice.swift in Sources */ = {isa = PBXBuildFile; fileRef = 9646847F2C08546500433CF9 /* Practice.swift */; };
		965F190B2B7A79D4007E53C7 /* trip_liqApp.swift in Sources */ = {isa = PBXBuildFile; fileRef = 965F190A2B7A79D4007E53C7 /* trip_liqApp.swift */; };
		965F190D2B7A79D4007E53C7 /* ContentView.swift in Sources */ = {isa = PBXBuildFile; fileRef = 965F190C2B7A79D4007E53C7 /* ContentView.swift */; };
		965F190F2B7A79D7007E53C7 /* Assets.xcassets in Resources */ = {isa = PBXBuildFile; fileRef = 965F190E2B7A79D7007E53C7 /* Assets.xcassets */; };
		965F19122B7A79D7007E53C7 /* Preview Assets.xcassets in Resources */ = {isa = PBXBuildFile; fileRef = 965F19112B7A79D7007E53C7 /* Preview Assets.xcassets */; };
		965F19192B7A80C7007E53C7 /* TripMemberName.swift in Sources */ = {isa = PBXBuildFile; fileRef = 965F19182B7A80C7007E53C7 /* TripMemberName.swift */; };
		965F191D2B7D0255007E53C7 /* TripMemberNameList.swift in Sources */ = {isa = PBXBuildFile; fileRef = 965F191C2B7D0254007E53C7 /* TripMemberNameList.swift */; };
		965F19232B8248D5007E53C7 /* Kanjo_keisan.swift in Sources */ = {isa = PBXBuildFile; fileRef = 965F19222B8248D5007E53C7 /* Kanjo_keisan.swift */; };
		967133472BC586440062362D /* CulculateView.swift in Sources */ = {isa = PBXBuildFile; fileRef = 967133462BC586440062362D /* CulculateView.swift */; };
		967133492BC58D0A0062362D /* Tatekae_inputAreaView.swift in Sources */ = {isa = PBXBuildFile; fileRef = 967133482BC58D0A0062362D /* Tatekae_inputAreaView.swift */; };
		9671334B2BC58D1D0062362D /* rireki_inputAreaView.swift in Sources */ = {isa = PBXBuildFile; fileRef = 9671334A2BC58D1D0062362D /* rireki_inputAreaView.swift */; };
		96B72E3E2C0990520026D3AA /* SwiftUIView.swift in Sources */ = {isa = PBXBuildFile; fileRef = 96B72E3D2C0990520026D3AA /* SwiftUIView.swift */; };
		96B72E402C09FD5D0026D3AA /* seisanModel.swift in Sources */ = {isa = PBXBuildFile; fileRef = 96B72E3F2C09FD5D0026D3AA /* seisanModel.swift */; };
		96B72E422C0A22CA0026D3AA /* sumData.swift in Sources */ = {isa = PBXBuildFile; fileRef = 96B72E412C0A22CA0026D3AA /* sumData.swift */; };
/* End PBXBuildFile section */

/* Begin PBXFileReference section */
		960EC7412BC6FE3C002F4BEC /* AddmemberAlertView.swift */ = {isa = PBXFileReference; lastKnownFileType = sourcecode.swift; path = AddmemberAlertView.swift; sourceTree = "<group>"; };
		9620CE0B2BE8823C008F5763 /* tripMember.swift */ = {isa = PBXFileReference; lastKnownFileType = sourcecode.swift; path = tripMember.swift; sourceTree = "<group>"; };
		9646847F2C08546500433CF9 /* Practice.swift */ = {isa = PBXFileReference; lastKnownFileType = sourcecode.swift; path = Practice.swift; sourceTree = "<group>"; };
		965F19072B7A79D4007E53C7 /* trip_liq.app */ = {isa = PBXFileReference; explicitFileType = wrapper.application; includeInIndex = 0; path = trip_liq.app; sourceTree = BUILT_PRODUCTS_DIR; };
		965F190A2B7A79D4007E53C7 /* trip_liqApp.swift */ = {isa = PBXFileReference; lastKnownFileType = sourcecode.swift; path = trip_liqApp.swift; sourceTree = "<group>"; };
		965F190C2B7A79D4007E53C7 /* ContentView.swift */ = {isa = PBXFileReference; lastKnownFileType = sourcecode.swift; path = ContentView.swift; sourceTree = "<group>"; };
		965F190E2B7A79D7007E53C7 /* Assets.xcassets */ = {isa = PBXFileReference; lastKnownFileType = folder.assetcatalog; path = Assets.xcassets; sourceTree = "<group>"; };
		965F19112B7A79D7007E53C7 /* Preview Assets.xcassets */ = {isa = PBXFileReference; lastKnownFileType = folder.assetcatalog; path = "Preview Assets.xcassets"; sourceTree = "<group>"; };
		965F19182B7A80C7007E53C7 /* TripMemberName.swift */ = {isa = PBXFileReference; lastKnownFileType = sourcecode.swift; path = TripMemberName.swift; sourceTree = "<group>"; };
		965F191C2B7D0254007E53C7 /* TripMemberNameList.swift */ = {isa = PBXFileReference; lastKnownFileType = sourcecode.swift; path = TripMemberNameList.swift; sourceTree = "<group>"; };
		965F19222B8248D5007E53C7 /* Kanjo_keisan.swift */ = {isa = PBXFileReference; lastKnownFileType = sourcecode.swift; path = Kanjo_keisan.swift; sourceTree = "<group>"; };
		967133462BC586440062362D /* CulculateView.swift */ = {isa = PBXFileReference; lastKnownFileType = sourcecode.swift; path = CulculateView.swift; sourceTree = "<group>"; };
		967133482BC58D0A0062362D /* Tatekae_inputAreaView.swift */ = {isa = PBXFileReference; lastKnownFileType = sourcecode.swift; path = Tatekae_inputAreaView.swift; sourceTree = "<group>"; };
		9671334A2BC58D1D0062362D /* rireki_inputAreaView.swift */ = {isa = PBXFileReference; lastKnownFileType = sourcecode.swift; path = rireki_inputAreaView.swift; sourceTree = "<group>"; };
		96B72E3D2C0990520026D3AA /* SwiftUIView.swift */ = {isa = PBXFileReference; lastKnownFileType = sourcecode.swift; path = SwiftUIView.swift; sourceTree = "<group>"; };
		96B72E3F2C09FD5D0026D3AA /* seisanModel.swift */ = {isa = PBXFileReference; lastKnownFileType = sourcecode.swift; path = seisanModel.swift; sourceTree = "<group>"; };
		96B72E412C0A22CA0026D3AA /* sumData.swift */ = {isa = PBXFileReference; lastKnownFileType = sourcecode.swift; path = sumData.swift; sourceTree = "<group>"; };
/* End PBXFileReference section */

/* Begin PBXFrameworksBuildPhase section */
		965F19042B7A79D4007E53C7 /* Frameworks */ = {
			isa = PBXFrameworksBuildPhase;
			buildActionMask = 2147483647;
			files = (
			);
			runOnlyForDeploymentPostprocessing = 0;
		};
/* End PBXFrameworksBuildPhase section */

/* Begin PBXGroup section */
		9601ED612BC4482A00C5EC8A /* View */ = {
			isa = PBXGroup;
			children = (
				965F190C2B7A79D4007E53C7 /* ContentView.swift */,
				9646847F2C08546500433CF9 /* Practice.swift */,
				967133482BC58D0A0062362D /* Tatekae_inputAreaView.swift */,
				9671334A2BC58D1D0062362D /* rireki_inputAreaView.swift */,
				965F19182B7A80C7007E53C7 /* TripMemberName.swift */,
				967133462BC586440062362D /* CulculateView.swift */,
				96B72E3D2C0990520026D3AA /* SwiftUIView.swift */,
			);
			path = View;
			sourceTree = "<group>";
		};
		960EC7402BC6FD41002F4BEC /* AlertView */ = {
			isa = PBXGroup;
			children = (
				960EC7412BC6FE3C002F4BEC /* AddmemberAlertView.swift */,
			);
			path = AlertView;
			sourceTree = "<group>";
		};
		965F18FE2B7A79D4007E53C7 = {
			isa = PBXGroup;
			children = (
				965F19092B7A79D4007E53C7 /* trip_liq */,
				965F19082B7A79D4007E53C7 /* Products */,
			);
			sourceTree = "<group>";
		};
		965F19082B7A79D4007E53C7 /* Products */ = {
			isa = PBXGroup;
			children = (
				965F19072B7A79D4007E53C7 /* trip_liq.app */,
			);
			name = Products;
			sourceTree = "<group>";
		};
		965F19092B7A79D4007E53C7 /* trip_liq */ = {
			isa = PBXGroup;
			children = (
				965F190A2B7A79D4007E53C7 /* trip_liqApp.swift */,
				96FFDB4F2BCAF5BA00EDEAF9 /* Models */,
				9601ED612BC4482A00C5EC8A /* View */,
				960EC7402BC6FD41002F4BEC /* AlertView */,
				965F191C2B7D0254007E53C7 /* TripMemberNameList.swift */,
				965F19222B8248D5007E53C7 /* Kanjo_keisan.swift */,
				965F190E2B7A79D7007E53C7 /* Assets.xcassets */,
				965F19102B7A79D7007E53C7 /* Preview Content */,
			);
			path = trip_liq;
			sourceTree = "<group>";
		};
		965F19102B7A79D7007E53C7 /* Preview Content */ = {
			isa = PBXGroup;
			children = (
				965F19112B7A79D7007E53C7 /* Preview Assets.xcassets */,
			);
			path = "Preview Content";
			sourceTree = "<group>";
		};
		96FFDB4F2BCAF5BA00EDEAF9 /* Models */ = {
			isa = PBXGroup;
			children = (
				9620CE0B2BE8823C008F5763 /* tripMember.swift */,
				96B72E3F2C09FD5D0026D3AA /* seisanModel.swift */,
				96B72E412C0A22CA0026D3AA /* sumData.swift */,
			);
			path = Models;
			sourceTree = "<group>";
		};
/* End PBXGroup section */

/* Begin PBXNativeTarget section */
		965F19062B7A79D4007E53C7 /* trip_liq */ = {
			isa = PBXNativeTarget;
			buildConfigurationList = 965F19152B7A79D7007E53C7 /* Build configuration list for PBXNativeTarget "trip_liq" */;
			buildPhases = (
				965F19032B7A79D4007E53C7 /* Sources */,
				965F19042B7A79D4007E53C7 /* Frameworks */,
				965F19052B7A79D4007E53C7 /* Resources */,
			);
			buildRules = (
			);
			dependencies = (
			);
			name = trip_liq;
			productName = trip_liq;
			productReference = 965F19072B7A79D4007E53C7 /* trip_liq.app */;
			productType = "com.apple.product-type.application";
		};
/* End PBXNativeTarget section */

/* Begin PBXProject section */
		965F18FF2B7A79D4007E53C7 /* Project object */ = {
			isa = PBXProject;
			attributes = {
				BuildIndependentTargetsInParallel = 1;
				LastSwiftUpdateCheck = 1520;
				LastUpgradeCheck = 1520;
				TargetAttributes = {
					965F19062B7A79D4007E53C7 = {
						CreatedOnToolsVersion = 15.2;
					};
				};
			};
			buildConfigurationList = 965F19022B7A79D4007E53C7 /* Build configuration list for PBXProject "trip_liq" */;
			compatibilityVersion = "Xcode 14.0";
			developmentRegion = en;
			hasScannedForEncodings = 0;
			knownRegions = (
				en,
				Base,
			);
			mainGroup = 965F18FE2B7A79D4007E53C7;
			productRefGroup = 965F19082B7A79D4007E53C7 /* Products */;
			projectDirPath = "";
			projectRoot = "";
			targets = (
				965F19062B7A79D4007E53C7 /* trip_liq */,
			);
		};
/* End PBXProject section */

/* Begin PBXResourcesBuildPhase section */
		965F19052B7A79D4007E53C7 /* Resources */ = {
			isa = PBXResourcesBuildPhase;
			buildActionMask = 2147483647;
			files = (
				965F19122B7A79D7007E53C7 /* Preview Assets.xcassets in Resources */,
				965F190F2B7A79D7007E53C7 /* Assets.xcassets in Resources */,
			);
			runOnlyForDeploymentPostprocessing = 0;
		};
/* End PBXResourcesBuildPhase section */

/* Begin PBXSourcesBuildPhase section */
		965F19032B7A79D4007E53C7 /* Sources */ = {
			isa = PBXSourcesBuildPhase;
			buildActionMask = 2147483647;
			files = (
				96B72E402C09FD5D0026D3AA /* seisanModel.swift in Sources */,
				967133492BC58D0A0062362D /* Tatekae_inputAreaView.swift in Sources */,
				965F19192B7A80C7007E53C7 /* TripMemberName.swift in Sources */,
				96B72E3E2C0990520026D3AA /* SwiftUIView.swift in Sources */,
				964684802C08546500433CF9 /* Practice.swift in Sources */,
				9620CE0C2BE8823C008F5763 /* tripMember.swift in Sources */,
				965F19232B8248D5007E53C7 /* Kanjo_keisan.swift in Sources */,
				960EC7422BC6FE3C002F4BEC /* AddmemberAlertView.swift in Sources */,
				965F190D2B7A79D4007E53C7 /* ContentView.swift in Sources */,
				967133472BC586440062362D /* CulculateView.swift in Sources */,
				965F190B2B7A79D4007E53C7 /* trip_liqApp.swift in Sources */,
				9671334B2BC58D1D0062362D /* rireki_inputAreaView.swift in Sources */,
				965F191D2B7D0255007E53C7 /* TripMemberNameList.swift in Sources */,
				96B72E422C0A22CA0026D3AA /* sumData.swift in Sources */,
			);
			runOnlyForDeploymentPostprocessing = 0;
		};
/* End PBXSourcesBuildPhase section */

/* Begin XCBuildConfiguration section */
		965F19132B7A79D7007E53C7 /* Debug */ = {
			isa = XCBuildConfiguration;
			buildSettings = {
				ALWAYS_SEARCH_USER_PATHS = NO;
				ASSETCATALOG_COMPILER_GENERATE_SWIFT_ASSET_SYMBOL_EXTENSIONS = YES;
				CLANG_ANALYZER_NONNULL = YES;
				CLANG_ANALYZER_NUMBER_OBJECT_CONVERSION = YES_AGGRESSIVE;
				CLANG_CXX_LANGUAGE_STANDARD = "gnu++20";
				CLANG_ENABLE_MODULES = YES;
				CLANG_ENABLE_OBJC_ARC = YES;
				CLANG_ENABLE_OBJC_WEAK = YES;
				CLANG_WARN_BLOCK_CAPTURE_AUTORELEASING = YES;
				CLANG_WARN_BOOL_CONVERSION = YES;
				CLANG_WARN_COMMA = YES;
				CLANG_WARN_CONSTANT_CONVERSION = YES;
				CLANG_WARN_DEPRECATED_OBJC_IMPLEMENTATIONS = YES;
				CLANG_WARN_DIRECT_OBJC_ISA_USAGE = YES_ERROR;
				CLANG_WARN_DOCUMENTATION_COMMENTS = YES;
				CLANG_WARN_EMPTY_BODY = YES;
				CLANG_WARN_ENUM_CONVERSION = YES;
				CLANG_WARN_INFINITE_RECURSION = YES;
				CLANG_WARN_INT_CONVERSION = YES;
				CLANG_WARN_NON_LITERAL_NULL_CONVERSION = YES;
				CLANG_WARN_OBJC_IMPLICIT_RETAIN_SELF = YES;
				CLANG_WARN_OBJC_LITERAL_CONVERSION = YES;
				CLANG_WARN_OBJC_ROOT_CLASS = YES_ERROR;
				CLANG_WARN_QUOTED_INCLUDE_IN_FRAMEWORK_HEADER = YES;
				CLANG_WARN_RANGE_LOOP_ANALYSIS = YES;
				CLANG_WARN_STRICT_PROTOTYPES = YES;
				CLANG_WARN_SUSPICIOUS_MOVE = YES;
				CLANG_WARN_UNGUARDED_AVAILABILITY = YES_AGGRESSIVE;
				CLANG_WARN_UNREACHABLE_CODE = YES;
				CLANG_WARN__DUPLICATE_METHOD_MATCH = YES;
				COPY_PHASE_STRIP = NO;
				DEBUG_INFORMATION_FORMAT = dwarf;
				ENABLE_STRICT_OBJC_MSGSEND = YES;
				ENABLE_TESTABILITY = YES;
				ENABLE_USER_SCRIPT_SANDBOXING = YES;
				GCC_C_LANGUAGE_STANDARD = gnu17;
				GCC_DYNAMIC_NO_PIC = NO;
				GCC_NO_COMMON_BLOCKS = YES;
				GCC_OPTIMIZATION_LEVEL = 0;
				GCC_PREPROCESSOR_DEFINITIONS = (
					"DEBUG=1",
					"$(inherited)",
				);
				GCC_WARN_64_TO_32_BIT_CONVERSION = YES;
				GCC_WARN_ABOUT_RETURN_TYPE = YES_ERROR;
				GCC_WARN_UNDECLARED_SELECTOR = YES;
				GCC_WARN_UNINITIALIZED_AUTOS = YES_AGGRESSIVE;
				GCC_WARN_UNUSED_FUNCTION = YES;
				GCC_WARN_UNUSED_VARIABLE = YES;
				IPHONEOS_DEPLOYMENT_TARGET = 17.2;
				LOCALIZATION_PREFERS_STRING_CATALOGS = YES;
				MTL_ENABLE_DEBUG_INFO = INCLUDE_SOURCE;
				MTL_FAST_MATH = YES;
				ONLY_ACTIVE_ARCH = YES;
				SDKROOT = iphoneos;
				SWIFT_ACTIVE_COMPILATION_CONDITIONS = "DEBUG $(inherited)";
				SWIFT_OPTIMIZATION_LEVEL = "-Onone";
			};
			name = Debug;
		};
		965F19142B7A79D7007E53C7 /* Release */ = {
			isa = XCBuildConfiguration;
			buildSettings = {
				ALWAYS_SEARCH_USER_PATHS = NO;
				ASSETCATALOG_COMPILER_GENERATE_SWIFT_ASSET_SYMBOL_EXTENSIONS = YES;
				CLANG_ANALYZER_NONNULL = YES;
				CLANG_ANALYZER_NUMBER_OBJECT_CONVERSION = YES_AGGRESSIVE;
				CLANG_CXX_LANGUAGE_STANDARD = "gnu++20";
				CLANG_ENABLE_MODULES = YES;
				CLANG_ENABLE_OBJC_ARC = YES;
				CLANG_ENABLE_OBJC_WEAK = YES;
				CLANG_WARN_BLOCK_CAPTURE_AUTORELEASING = YES;
				CLANG_WARN_BOOL_CONVERSION = YES;
				CLANG_WARN_COMMA = YES;
				CLANG_WARN_CONSTANT_CONVERSION = YES;
				CLANG_WARN_DEPRECATED_OBJC_IMPLEMENTATIONS = YES;
				CLANG_WARN_DIRECT_OBJC_ISA_USAGE = YES_ERROR;
				CLANG_WARN_DOCUMENTATION_COMMENTS = YES;
				CLANG_WARN_EMPTY_BODY = YES;
				CLANG_WARN_ENUM_CONVERSION = YES;
				CLANG_WARN_INFINITE_RECURSION = YES;
				CLANG_WARN_INT_CONVERSION = YES;
				CLANG_WARN_NON_LITERAL_NULL_CONVERSION = YES;
				CLANG_WARN_OBJC_IMPLICIT_RETAIN_SELF = YES;
				CLANG_WARN_OBJC_LITERAL_CONVERSION = YES;
				CLANG_WARN_OBJC_ROOT_CLASS = YES_ERROR;
				CLANG_WARN_QUOTED_INCLUDE_IN_FRAMEWORK_HEADER = YES;
				CLANG_WARN_RANGE_LOOP_ANALYSIS = YES;
				CLANG_WARN_STRICT_PROTOTYPES = YES;
				CLANG_WARN_SUSPICIOUS_MOVE = YES;
				CLANG_WARN_UNGUARDED_AVAILABILITY = YES_AGGRESSIVE;
				CLANG_WARN_UNREACHABLE_CODE = YES;
				CLANG_WARN__DUPLICATE_METHOD_MATCH = YES;
				COPY_PHASE_STRIP = NO;
				DEBUG_INFORMATION_FORMAT = "dwarf-with-dsym";
				ENABLE_NS_ASSERTIONS = NO;
				ENABLE_STRICT_OBJC_MSGSEND = YES;
				ENABLE_USER_SCRIPT_SANDBOXING = YES;
				GCC_C_LANGUAGE_STANDARD = gnu17;
				GCC_NO_COMMON_BLOCKS = YES;
				GCC_WARN_64_TO_32_BIT_CONVERSION = YES;
				GCC_WARN_ABOUT_RETURN_TYPE = YES_ERROR;
				GCC_WARN_UNDECLARED_SELECTOR = YES;
				GCC_WARN_UNINITIALIZED_AUTOS = YES_AGGRESSIVE;
				GCC_WARN_UNUSED_FUNCTION = YES;
				GCC_WARN_UNUSED_VARIABLE = YES;
				IPHONEOS_DEPLOYMENT_TARGET = 17.2;
				LOCALIZATION_PREFERS_STRING_CATALOGS = YES;
				MTL_ENABLE_DEBUG_INFO = NO;
				MTL_FAST_MATH = YES;
				SDKROOT = iphoneos;
				SWIFT_COMPILATION_MODE = wholemodule;
				VALIDATE_PRODUCT = YES;
			};
			name = Release;
		};
		965F19162B7A79D7007E53C7 /* Debug */ = {
			isa = XCBuildConfiguration;
			buildSettings = {
				ASSETCATALOG_COMPILER_APPICON_NAME = AppIcon;
				ASSETCATALOG_COMPILER_GLOBAL_ACCENT_COLOR_NAME = AccentColor;
				CODE_SIGN_STYLE = Automatic;
				CURRENT_PROJECT_VERSION = 1;
				DEVELOPMENT_ASSET_PATHS = "\"trip_liq/Preview Content\"";
				DEVELOPMENT_TEAM = 24JKPA5A64;
				ENABLE_PREVIEWS = YES;
				GENERATE_INFOPLIST_FILE = YES;
				INFOPLIST_KEY_UIApplicationSceneManifest_Generation = YES;
				INFOPLIST_KEY_UIApplicationSupportsIndirectInputEvents = YES;
				INFOPLIST_KEY_UILaunchScreen_Generation = YES;
				INFOPLIST_KEY_UISupportedInterfaceOrientations_iPad = "UIInterfaceOrientationPortrait UIInterfaceOrientationPortraitUpsideDown UIInterfaceOrientationLandscapeLeft UIInterfaceOrientationLandscapeRight";
				INFOPLIST_KEY_UISupportedInterfaceOrientations_iPhone = "UIInterfaceOrientationPortrait UIInterfaceOrientationLandscapeLeft UIInterfaceOrientationLandscapeRight";
				LD_RUNPATH_SEARCH_PATHS = (
					"$(inherited)",
					"@executable_path/Frameworks",
				);
				MARKETING_VERSION = 1.0;
				PRODUCT_BUNDLE_IDENTIFIER = "kentaro-nagata.trip-liq";
				PRODUCT_NAME = "$(TARGET_NAME)";
				SWIFT_EMIT_LOC_STRINGS = YES;
				SWIFT_VERSION = 5.0;
				TARGETED_DEVICE_FAMILY = "1,2";
			};
			name = Debug;
		};
		965F19172B7A79D7007E53C7 /* Release */ = {
			isa = XCBuildConfiguration;
			buildSettings = {
				ASSETCATALOG_COMPILER_APPICON_NAME = AppIcon;
				ASSETCATALOG_COMPILER_GLOBAL_ACCENT_COLOR_NAME = AccentColor;
				CODE_SIGN_STYLE = Automatic;
				CURRENT_PROJECT_VERSION = 1;
				DEVELOPMENT_ASSET_PATHS = "\"trip_liq/Preview Content\"";
				DEVELOPMENT_TEAM = 24JKPA5A64;
				ENABLE_PREVIEWS = YES;
				GENERATE_INFOPLIST_FILE = YES;
				INFOPLIST_KEY_UIApplicationSceneManifest_Generation = YES;
				INFOPLIST_KEY_UIApplicationSupportsIndirectInputEvents = YES;
				INFOPLIST_KEY_UILaunchScreen_Generation = YES;
				INFOPLIST_KEY_UISupportedInterfaceOrientations_iPad = "UIInterfaceOrientationPortrait UIInterfaceOrientationPortraitUpsideDown UIInterfaceOrientationLandscapeLeft UIInterfaceOrientationLandscapeRight";
				INFOPLIST_KEY_UISupportedInterfaceOrientations_iPhone = "UIInterfaceOrientationPortrait UIInterfaceOrientationLandscapeLeft UIInterfaceOrientationLandscapeRight";
				LD_RUNPATH_SEARCH_PATHS = (
					"$(inherited)",
					"@executable_path/Frameworks",
				);
				MARKETING_VERSION = 1.0;
				PRODUCT_BUNDLE_IDENTIFIER = "kentaro-nagata.trip-liq";
				PRODUCT_NAME = "$(TARGET_NAME)";
				SWIFT_EMIT_LOC_STRINGS = YES;
				SWIFT_VERSION = 5.0;
				TARGETED_DEVICE_FAMILY = "1,2";
			};
			name = Release;
		};
/* End XCBuildConfiguration section */

/* Begin XCConfigurationList section */
		965F19022B7A79D4007E53C7 /* Build configuration list for PBXProject "trip_liq" */ = {
			isa = XCConfigurationList;
			buildConfigurations = (
				965F19132B7A79D7007E53C7 /* Debug */,
				965F19142B7A79D7007E53C7 /* Release */,
			);
			defaultConfigurationIsVisible = 0;
			defaultConfigurationName = Release;
		};
		965F19152B7A79D7007E53C7 /* Build configuration list for PBXNativeTarget "trip_liq" */ = {
			isa = XCConfigurationList;
			buildConfigurations = (
				965F19162B7A79D7007E53C7 /* Debug */,
				965F19172B7A79D7007E53C7 /* Release */,
			);
			defaultConfigurationIsVisible = 0;
			defaultConfigurationName = Release;
		};
/* End XCConfigurationList section */
	};
	rootObject = 965F18FF2B7A79D4007E53C7 /* Project object */;
}
